Microsoft Visual Studio Solution File, Format Version 11.00
# Visual Studio 2008

Project("{28F6CAED-80BA-1F42-674B-74681A7399F5}") = "TheMightyMarian", "Assembly-CSharp.csproj", "{07FE06D8-28CC-3280-7DE1-3825CB354B4D}"
EndProject
Project("{28F6CAED-80BA-1F42-674B-74681A7399F5}") = "TheMightyMarian", "Assembly-CSharp-Editor.csproj", "{2353228D-70BD-AD0C-44DC-13AC2B4B829B}"
EndProject
Project("{28F6CAED-80BA-1F42-674B-74681A7399F5}") = "TheMightyMarian", "Assembly-UnityScript-firstpass.unityproj", "{7DB11B64-B228-7D4C-63AC-1CA014304499}"
EndProject
Project("{28F6CAED-80BA-1F42-674B-74681A7399F5}") = "TheMightyMarian", "Assembly-UnityScript.unityproj", "{54A71425-D520-20A9-DE28-084315EA7E2F}"
EndProject
Project("{28F6CAED-80BA-1F42-674B-74681A7399F5}") = "TheMightyMarian", "Assembly-UnityScript-Editor.unityproj", "{962150A3-273B-759D-6508-E77F5C7752A3}"
EndProject
Global
	GlobalSection(SolutionConfigurationPlatforms) = preSolution
		Debug|Any CPU = Debug|Any CPU
		Release|Any CPU = Release|Any CPU
	EndGlobalSection
	GlobalSection(ProjectConfigurationPlatforms) = postSolution
		{07FE06D8-28CC-3280-7DE1-3825CB354B4D}.Debug|Any CPU.ActiveCfg = Debug|Any CPU
		{07FE06D8-28CC-3280-7DE1-3825CB354B4D}.Debug|Any CPU.Build.0 = Debug|Any CPU
		{07FE06D8-28CC-3280-7DE1-3825CB354B4D}.Release|Any CPU.ActiveCfg = Release|Any CPU
		{07FE06D8-28CC-3280-7DE1-3825CB354B4D}.Release|Any CPU.Build.0 = Release|Any CPU
		{2353228D-70BD-AD0C-44DC-13AC2B4B829B}.Debug|Any CPU.ActiveCfg = Debug|Any CPU
		{2353228D-70BD-AD0C-44DC-13AC2B4B829B}.Debug|Any CPU.Build.0 = Debug|Any CPU
		{2353228D-70BD-AD0C-44DC-13AC2B4B829B}.Release|Any CPU.ActiveCfg = Release|Any CPU
		{2353228D-70BD-AD0C-44DC-13AC2B4B829B}.Release|Any CPU.Build.0 = Release|Any CPU
		{7DB11B64-B228-7D4C-63AC-1CA014304499}.Debug|Any CPU.ActiveCfg = Debug|Any CPU
		{7DB11B64-B228-7D4C-63AC-1CA014304499}.Debug|Any CPU.Build.0 = Debug|Any CPU
		{7DB11B64-B228-7D4C-63AC-1CA014304499}.Release|Any CPU.ActiveCfg = Release|Any CPU
		{7DB11B64-B228-7D4C-63AC-1CA014304499}.Release|Any CPU.Build.0 = Release|Any CPU
		{54A71425-D520-20A9-DE28-084315EA7E2F}.Debug|Any CPU.ActiveCfg = Debug|Any CPU
		{54A71425-D520-20A9-DE28-084315EA7E2F}.Debug|Any CPU.Build.0 = Debug|Any CPU
		{54A71425-D520-20A9-DE28-084315EA7E2F}.Release|Any CPU.ActiveCfg = Release|Any CPU
		{54A71425-D520-20A9-DE28-084315EA7E2F}.Release|Any CPU.Build.0 = Release|Any CPU
		{962150A3-273B-759D-6508-E77F5C7752A3}.Debug|Any CPU.ActiveCfg = Debug|Any CPU
		{962150A3-273B-759D-6508-E77F5C7752A3}.Debug|Any CPU.Build.0 = Debug|Any CPU
		{962150A3-273B-759D-6508-E77F5C7752A3}.Release|Any CPU.ActiveCfg = Release|Any CPU
		{962150A3-273B-759D-6508-E77F5C7752A3}.Release|Any CPU.Build.0 = Release|Any CPU
	EndGlobalSection
	GlobalSection(SolutionProperties) = preSolution
		HideSolutionNode = FALSE
	EndGlobalSection
																													GlobalSection(MonoDevelopProperties) = preSolution
=======
																									GlobalSection(MonoDevelopProperties) = preSolution
>>>>>>> d66c5292b9de5fc314bf04fdaaf51eb7e7780a47
		StartupItem = Assembly-CSharp.csproj
		Policies = $0
		$0.TextStylePolicy = $1
		$1.inheritsSet = null
		$1.scope = text/x-csharp
		$0.CSharpFormattingPolicy = $2
		$2.inheritsSet = Mono
		$2.inheritsScope = text/x-csharp
		$2.scope = text/x-csharp
		$0.TextStylePolicy = $3
		$3.FileWidth = 120
		$3.TabWidth = 4
		$3.EolMarker = Unix
		$3.inheritsSet = Mono
		$3.inheritsScope = text/plain
		$3.scope = text/plain
	EndGlobalSection

EndGlobal
